
Microsoft Visual Studio Solution File, Format Version 12.00
# Visual Studio 15
VisualStudioVersion = 15.0.26124.0
MinimumVisualStudioVersion = 15.0.26124.0
Project("{FAE04EC0-301F-11D3-BF4B-00C04F79EFBC}") = "API", "API\API.csproj", "{FD73DDB9-323C-4359-BF2D-A03596C48242}"
EndProject
Project("{FAE04EC0-301F-11D3-BF4B-00C04F79EFBC}") = "Core", "Core\Core.csproj", "{36F99133-A3C7-472A-AF0F-F034926B846D}"
EndProject
Project("{FAE04EC0-301F-11D3-BF4B-00C04F79EFBC}") = "Infrastructure", "Infrastructure\Infrastructure.csproj", "{2286F0F0-B0A8-43CC-BF2B-A5BACFCD3DBC}"
EndProject
Global
	GlobalSection(SolutionConfigurationPlatforms) = preSolution
		Debug|Any CPU = Debug|Any CPU
		Debug|x64 = Debug|x64
		Debug|x86 = Debug|x86
		Release|Any CPU = Release|Any CPU
		Release|x64 = Release|x64
		Release|x86 = Release|x86
	EndGlobalSection
	GlobalSection(SolutionProperties) = preSolution
		HideSolutionNode = FALSE
	EndGlobalSection
	GlobalSection(ProjectConfigurationPlatforms) = postSolution
		{FD73DDB9-323C-4359-BF2D-A03596C48242}.Debug|Any CPU.ActiveCfg = Debug|Any CPU
		{FD73DDB9-323C-4359-BF2D-A03596C48242}.Debug|Any CPU.Build.0 = Debug|Any CPU
		{FD73DDB9-323C-4359-BF2D-A03596C48242}.Debug|x64.ActiveCfg = Debug|Any CPU
		{FD73DDB9-323C-4359-BF2D-A03596C48242}.Debug|x64.Build.0 = Debug|Any CPU
		{FD73DDB9-323C-4359-BF2D-A03596C48242}.Debug|x86.ActiveCfg = Debug|Any CPU
		{FD73DDB9-323C-4359-BF2D-A03596C48242}.Debug|x86.Build.0 = Debug|Any CPU
		{FD73DDB9-323C-4359-BF2D-A03596C48242}.Release|Any CPU.ActiveCfg = Release|Any CPU
		{FD73DDB9-323C-4359-BF2D-A03596C48242}.Release|Any CPU.Build.0 = Release|Any CPU
		{FD73DDB9-323C-4359-BF2D-A03596C48242}.Release|x64.ActiveCfg = Release|Any CPU
		{FD73DDB9-323C-4359-BF2D-A03596C48242}.Release|x64.Build.0 = Release|Any CPU
		{FD73DDB9-323C-4359-BF2D-A03596C48242}.Release|x86.ActiveCfg = Release|Any CPU
		{FD73DDB9-323C-4359-BF2D-A03596C48242}.Release|x86.Build.0 = Release|Any CPU
		{36F99133-A3C7-472A-AF0F-F034926B846D}.Debug|Any CPU.ActiveCfg = Debug|Any CPU
		{36F99133-A3C7-472A-AF0F-F034926B846D}.Debug|Any CPU.Build.0 = Debug|Any CPU
		{36F99133-A3C7-472A-AF0F-F034926B846D}.Debug|x64.ActiveCfg = Debug|Any CPU
		{36F99133-A3C7-472A-AF0F-F034926B846D}.Debug|x64.Build.0 = Debug|Any CPU
		{36F99133-A3C7-472A-AF0F-F034926B846D}.Debug|x86.ActiveCfg = Debug|Any CPU
		{36F99133-A3C7-472A-AF0F-F034926B846D}.Debug|x86.Build.0 = Debug|Any CPU
		{36F99133-A3C7-472A-AF0F-F034926B846D}.Release|Any CPU.ActiveCfg = Release|Any CPU
		{36F99133-A3C7-472A-AF0F-F034926B846D}.Release|Any CPU.Build.0 = Release|Any CPU
		{36F99133-A3C7-472A-AF0F-F034926B846D}.Release|x64.ActiveCfg = Release|Any CPU
		{36F99133-A3C7-472A-AF0F-F034926B846D}.Release|x64.Build.0 = Release|Any CPU
		{36F99133-A3C7-472A-AF0F-F034926B846D}.Release|x86.ActiveCfg = Release|Any CPU
		{36F99133-A3C7-472A-AF0F-F034926B846D}.Release|x86.Build.0 = Release|Any CPU
		{2286F0F0-B0A8-43CC-BF2B-A5BACFCD3DBC}.Debug|Any CPU.ActiveCfg = Debug|Any CPU
		{2286F0F0-B0A8-43CC-BF2B-A5BACFCD3DBC}.Debug|Any CPU.Build.0 = Debug|Any CPU
		{2286F0F0-B0A8-43CC-BF2B-A5BACFCD3DBC}.Debug|x64.ActiveCfg = Debug|Any CPU
		{2286F0F0-B0A8-43CC-BF2B-A5BACFCD3DBC}.Debug|x64.Build.0 = Debug|Any CPU
		{2286F0F0-B0A8-43CC-BF2B-A5BACFCD3DBC}.Debug|x86.ActiveCfg = Debug|Any CPU
		{2286F0F0-B0A8-43CC-BF2B-A5BACFCD3DBC}.Debug|x86.Build.0 = Debug|Any CPU
		{2286F0F0-B0A8-43CC-BF2B-A5BACFCD3DBC}.Release|Any CPU.ActiveCfg = Release|Any CPU
		{2286F0F0-B0A8-43CC-BF2B-A5BACFCD3DBC}.Release|Any CPU.Build.0 = Release|Any CPU
		{2286F0F0-B0A8-43CC-BF2B-A5BACFCD3DBC}.Release|x64.ActiveCfg = Release|Any CPU
		{2286F0F0-B0A8-43CC-BF2B-A5BACFCD3DBC}.Release|x64.Build.0 = Release|Any CPU
		{2286F0F0-B0A8-43CC-BF2B-A5BACFCD3DBC}.Release|x86.ActiveCfg = Release|Any CPU
		{2286F0F0-B0A8-43CC-BF2B-A5BACFCD3DBC}.Release|x86.Build.0 = Release|Any CPU
	EndGlobalSection
EndGlobal
